
Microsoft Visual Studio Solution File, Format Version 12.00
# Visual Studio Version 17
VisualStudioVersion = 17.4.33122.133
MinimumVisualStudioVersion = 10.0.40219.1
Project("{FAE04EC0-301F-11D3-BF4B-00C04F79EFBC}") = "TAO.Phone.Directory.Entity", "TAO.Phone.Directory.Entity\TAO.Phone.Directory.Entity.csproj", "{1B64FBD3-56DE-4120-ABB3-9CE5863E8D98}"
EndProject
Project("{FAE04EC0-301F-11D3-BF4B-00C04F79EFBC}") = "TAO.Phone.Directory.DataAccess", "TAO.Phone.Directory.DataAccess\TAO.Phone.Directory.DataAccess.csproj", "{4E081844-8E54-41CD-BD69-E69DD3B4B3E0}"
EndProject
Project("{FAE04EC0-301F-11D3-BF4B-00C04F79EFBC}") = "TAO.Phone.Directory.Business", "TAO.Phone.Directory.Business\TAO.Phone.Directory.Business.csproj", "{337364ED-81EE-42F8-8049-030914060AA5}"
EndProject
Project("{9A19103F-16F7-4668-BE54-9A1E7A4F7556}") = "TAO_Core", "TAO_Core\TAO_Core.csproj", "{65E0A408-23EA-4384-BDD3-899161193363}"
EndProject
Project("{FAE04EC0-301F-11D3-BF4B-00C04F79EFBC}") = "TAO.Phone.Director.FormUI", "TAO.Phone.Director.FormUI\TAO.Phone.Director.FormUI.csproj", "{BDAE100B-0B13-46A5-BAC9-A0E6D69EA8D9}"
EndProject
Global
	GlobalSection(SolutionConfigurationPlatforms) = preSolution
		Debug|Any CPU = Debug|Any CPU
		Release|Any CPU = Release|Any CPU
	EndGlobalSection
	GlobalSection(ProjectConfigurationPlatforms) = postSolution
		{1B64FBD3-56DE-4120-ABB3-9CE5863E8D98}.Debug|Any CPU.ActiveCfg = Debug|Any CPU
		{1B64FBD3-56DE-4120-ABB3-9CE5863E8D98}.Debug|Any CPU.Build.0 = Debug|Any CPU
		{1B64FBD3-56DE-4120-ABB3-9CE5863E8D98}.Release|Any CPU.ActiveCfg = Release|Any CPU
		{1B64FBD3-56DE-4120-ABB3-9CE5863E8D98}.Release|Any CPU.Build.0 = Release|Any CPU
		{4E081844-8E54-41CD-BD69-E69DD3B4B3E0}.Debug|Any CPU.ActiveCfg = Debug|Any CPU
		{4E081844-8E54-41CD-BD69-E69DD3B4B3E0}.Debug|Any CPU.Build.0 = Debug|Any CPU
		{4E081844-8E54-41CD-BD69-E69DD3B4B3E0}.Release|Any CPU.ActiveCfg = Release|Any CPU
		{4E081844-8E54-41CD-BD69-E69DD3B4B3E0}.Release|Any CPU.Build.0 = Release|Any CPU
		{337364ED-81EE-42F8-8049-030914060AA5}.Debug|Any CPU.ActiveCfg = Debug|Any CPU
		{337364ED-81EE-42F8-8049-030914060AA5}.Debug|Any CPU.Build.0 = Debug|Any CPU
		{337364ED-81EE-42F8-8049-030914060AA5}.Release|Any CPU.ActiveCfg = Release|Any CPU
		{337364ED-81EE-42F8-8049-030914060AA5}.Release|Any CPU.Build.0 = Release|Any CPU
		{65E0A408-23EA-4384-BDD3-899161193363}.Debug|Any CPU.ActiveCfg = Debug|Any CPU
		{65E0A408-23EA-4384-BDD3-899161193363}.Debug|Any CPU.Build.0 = Debug|Any CPU
		{65E0A408-23EA-4384-BDD3-899161193363}.Release|Any CPU.ActiveCfg = Release|Any CPU
		{65E0A408-23EA-4384-BDD3-899161193363}.Release|Any CPU.Build.0 = Release|Any CPU
		{BDAE100B-0B13-46A5-BAC9-A0E6D69EA8D9}.Debug|Any CPU.ActiveCfg = Debug|Any CPU
		{BDAE100B-0B13-46A5-BAC9-A0E6D69EA8D9}.Debug|Any CPU.Build.0 = Debug|Any CPU
		{BDAE100B-0B13-46A5-BAC9-A0E6D69EA8D9}.Release|Any CPU.ActiveCfg = Release|Any CPU
		{BDAE100B-0B13-46A5-BAC9-A0E6D69EA8D9}.Release|Any CPU.Build.0 = Release|Any CPU
	EndGlobalSection
	GlobalSection(SolutionProperties) = preSolution
		HideSolutionNode = FALSE
	EndGlobalSection
	GlobalSection(ExtensibilityGlobals) = postSolution
		SolutionGuid = {AF1F3BFB-6652-42A8-8EEC-11E366A84F64}
	EndGlobalSection
EndGlobal
